%{
  "spark": {:hex, :spark, "2.2.48", "dd1005c26c7f98ea686a951f7ae58fffb54eff19c47830e6ff68b93f87433baa", [:mix], [{:igniter, ">= 0.3.64 and < 1.0.0-0", [hex: :igniter, repo: "hexpm", optional: true]}, {:jason, "~> 1.4", [hex: :jason, repo: "hexpm", optional: true]}, {:sourceror, "~> 1.2", [hex: :sourceror, repo: "hexpm", optional: true]}], "hexpm", "379912647b9ddcc5265e91a82a235a264a727123d1f9e90052d91ad8cebbb2d0"},
}
